
Microsoft Visual Studio Solution File, Format Version 12.00
# Visual Studio 15
VisualStudioVersion = 15.0.27428.2015
MinimumVisualStudioVersion = 10.0.40219.1
Project("{FAE04EC0-301F-11D3-BF4B-00C04F79EFBC}") = "AECLOGIC.ERP.HMS", "AECLOGIC.ERP.HMS\AECLOGIC.ERP.HMS.csproj", "{93AC9C70-6188-44F7-B7ED-5268EC6C2564}"
EndProject
Project("{FAE04EC0-301F-11D3-BF4B-00C04F79EFBC}") = "AECLOGIC.HMS.BLL", "AECLOGIC.HMS.BLL\AECLOGIC.HMS.BLL.csproj", "{0E2D8936-700B-405D-9C88-E1F11E76C124}"
EndProject
Global
	GlobalSection(SolutionConfigurationPlatforms) = preSolution
		Debug|Any CPU = Debug|Any CPU
		Release|Any CPU = Release|Any CPU
	EndGlobalSection
	GlobalSection(ProjectConfigurationPlatforms) = postSolution
		{93AC9C70-6188-44F7-B7ED-5268EC6C2564}.Debug|Any CPU.ActiveCfg = Debug|Any CPU
		{93AC9C70-6188-44F7-B7ED-5268EC6C2564}.Debug|Any CPU.Build.0 = Debug|Any CPU
		{93AC9C70-6188-44F7-B7ED-5268EC6C2564}.Release|Any CPU.ActiveCfg = Release|Any CPU
		{93AC9C70-6188-44F7-B7ED-5268EC6C2564}.Release|Any CPU.Build.0 = Release|Any CPU
		{0E2D8936-700B-405D-9C88-E1F11E76C124}.Debug|Any CPU.ActiveCfg = Debug|Any CPU
		{0E2D8936-700B-405D-9C88-E1F11E76C124}.Debug|Any CPU.Build.0 = Debug|Any CPU
		{0E2D8936-700B-405D-9C88-E1F11E76C124}.Release|Any CPU.ActiveCfg = Release|Any CPU
		{0E2D8936-700B-405D-9C88-E1F11E76C124}.Release|Any CPU.Build.0 = Release|Any CPU
	EndGlobalSection
	GlobalSection(SolutionProperties) = preSolution
		HideSolutionNode = FALSE
	EndGlobalSection
	GlobalSection(ExtensibilityGlobals) = postSolution
		SolutionGuid = {D49A36FD-DB90-499F-A24A-E19A7F112C66}
	EndGlobalSection
EndGlobal
