
Microsoft Visual Studio Solution File, Format Version 12.00
# Visual Studio 2013
VisualStudioVersion = 12.0.31101.0
MinimumVisualStudioVersion = 10.0.40219.1
Project("{FAE04EC0-301F-11D3-BF4B-00C04F79EFBC}") = "ZKFingerBioIntegration", "ZKFingerBioIntegration\ZKFingerBioIntegration.csproj", "{A1515AFB-94B0-447C-A965-E632D6917EE6}"
EndProject
Project("{6141683F-8A12-4E36-9623-2EB02B2C2303}") = "AECBioMetSetup", "AECBioMetSetup\AECBioMetSetup.isproj", "{0CA99B81-632F-4ADD-A1DF-0DC6E0124F26}"
EndProject
Project("{6141683F-8A12-4E36-9623-2EB02B2C2303}") = "Setup1", "Setup1\Setup1.isproj", "{18D5E909-3C12-4AEC-B048-1CA62086A4A0}"
EndProject
Global
	GlobalSection(TeamFoundationVersionControl) = preSolution
		SccNumberOfProjects = 4
		SccEnterpriseProvider = {4CA58AB2-18FA-4F8D-95D4-32DDF27D184C}
		SccTeamFoundationServer = http://192.168.10.2:8080/tfs/defaultcollection
		SccLocalPath0 = .
		SccProjectUniqueName1 = AECBioMetSetup\\AECBioMetSetup.isproj
		SccProjectName1 = AECBioMetSetup
		SccLocalPath1 = AECBioMetSetup
		SccProjectUniqueName2 = Setup1\\Setup1.isproj
		SccProjectName2 = Setup1
		SccLocalPath2 = Setup1
		SccProjectUniqueName3 = ZKFingerBioIntegration\\ZKFingerBioIntegration.csproj
		SccProjectName3 = ZKFingerBioIntegration
		SccLocalPath3 = ZKFingerBioIntegration
	EndGlobalSection
	GlobalSection(SolutionConfigurationPlatforms) = preSolution
		CD_ROM|Any CPU = CD_ROM|Any CPU
		CD_ROM|x86 = CD_ROM|x86
		Debug|Any CPU = Debug|Any CPU
		Debug|x86 = Debug|x86
		DVD-5|Any CPU = DVD-5|Any CPU
		DVD-5|x86 = DVD-5|x86
		Release|Any CPU = Release|Any CPU
		Release|x86 = Release|x86
		SingleImage|Any CPU = SingleImage|Any CPU
		SingleImage|x86 = SingleImage|x86
	EndGlobalSection
	GlobalSection(ProjectConfigurationPlatforms) = postSolution
		{A1515AFB-94B0-447C-A965-E632D6917EE6}.CD_ROM|Any CPU.ActiveCfg = Release|Any CPU
		{A1515AFB-94B0-447C-A965-E632D6917EE6}.CD_ROM|Any CPU.Build.0 = Release|Any CPU
		{A1515AFB-94B0-447C-A965-E632D6917EE6}.CD_ROM|x86.ActiveCfg = Release|x86
		{A1515AFB-94B0-447C-A965-E632D6917EE6}.CD_ROM|x86.Build.0 = Release|x86
		{A1515AFB-94B0-447C-A965-E632D6917EE6}.Debug|Any CPU.ActiveCfg = Debug|Any CPU
		{A1515AFB-94B0-447C-A965-E632D6917EE6}.Debug|Any CPU.Build.0 = Debug|Any CPU
		{A1515AFB-94B0-447C-A965-E632D6917EE6}.Debug|x86.ActiveCfg = Debug|x86
		{A1515AFB-94B0-447C-A965-E632D6917EE6}.Debug|x86.Build.0 = Debug|x86
		{A1515AFB-94B0-447C-A965-E632D6917EE6}.DVD-5|Any CPU.ActiveCfg = Debug|Any CPU
		{A1515AFB-94B0-447C-A965-E632D6917EE6}.DVD-5|Any CPU.Build.0 = Debug|Any CPU
		{A1515AFB-94B0-447C-A965-E632D6917EE6}.DVD-5|x86.ActiveCfg = Debug|x86
		{A1515AFB-94B0-447C-A965-E632D6917EE6}.DVD-5|x86.Build.0 = Debug|x86
		{A1515AFB-94B0-447C-A965-E632D6917EE6}.Release|Any CPU.ActiveCfg = Release|Any CPU
		{A1515AFB-94B0-447C-A965-E632D6917EE6}.Release|Any CPU.Build.0 = Release|Any CPU
		{A1515AFB-94B0-447C-A965-E632D6917EE6}.Release|x86.ActiveCfg = Release|x86
		{A1515AFB-94B0-447C-A965-E632D6917EE6}.Release|x86.Build.0 = Release|x86
		{A1515AFB-94B0-447C-A965-E632D6917EE6}.SingleImage|Any CPU.ActiveCfg = Release|Any CPU
		{A1515AFB-94B0-447C-A965-E632D6917EE6}.SingleImage|Any CPU.Build.0 = Release|Any CPU
		{A1515AFB-94B0-447C-A965-E632D6917EE6}.SingleImage|x86.ActiveCfg = Release|x86
		{A1515AFB-94B0-447C-A965-E632D6917EE6}.SingleImage|x86.Build.0 = Release|x86
		{0CA99B81-632F-4ADD-A1DF-0DC6E0124F26}.CD_ROM|Any CPU.ActiveCfg = CD_ROM
		{0CA99B81-632F-4ADD-A1DF-0DC6E0124F26}.CD_ROM|Any CPU.Build.0 = CD_ROM
		{0CA99B81-632F-4ADD-A1DF-0DC6E0124F26}.CD_ROM|x86.ActiveCfg = CD_ROM
		{0CA99B81-632F-4ADD-A1DF-0DC6E0124F26}.CD_ROM|x86.Build.0 = CD_ROM
		{0CA99B81-632F-4ADD-A1DF-0DC6E0124F26}.Debug|Any CPU.ActiveCfg = DVD-5
		{0CA99B81-632F-4ADD-A1DF-0DC6E0124F26}.Debug|Any CPU.Build.0 = DVD-5
		{0CA99B81-632F-4ADD-A1DF-0DC6E0124F26}.Debug|x86.ActiveCfg = DVD-5
		{0CA99B81-632F-4ADD-A1DF-0DC6E0124F26}.Debug|x86.Build.0 = DVD-5
		{0CA99B81-632F-4ADD-A1DF-0DC6E0124F26}.DVD-5|Any CPU.ActiveCfg = DVD-5
		{0CA99B81-632F-4ADD-A1DF-0DC6E0124F26}.DVD-5|Any CPU.Build.0 = DVD-5
		{0CA99B81-632F-4ADD-A1DF-0DC6E0124F26}.DVD-5|x86.ActiveCfg = DVD-5
		{0CA99B81-632F-4ADD-A1DF-0DC6E0124F26}.DVD-5|x86.Build.0 = DVD-5
		{0CA99B81-632F-4ADD-A1DF-0DC6E0124F26}.Release|Any CPU.ActiveCfg = SingleImage
		{0CA99B81-632F-4ADD-A1DF-0DC6E0124F26}.Release|Any CPU.Build.0 = SingleImage
		{0CA99B81-632F-4ADD-A1DF-0DC6E0124F26}.Release|x86.ActiveCfg = SingleImage
		{0CA99B81-632F-4ADD-A1DF-0DC6E0124F26}.Release|x86.Build.0 = SingleImage
		{0CA99B81-632F-4ADD-A1DF-0DC6E0124F26}.SingleImage|Any CPU.ActiveCfg = SingleImage
		{0CA99B81-632F-4ADD-A1DF-0DC6E0124F26}.SingleImage|Any CPU.Build.0 = SingleImage
		{0CA99B81-632F-4ADD-A1DF-0DC6E0124F26}.SingleImage|x86.ActiveCfg = SingleImage
		{0CA99B81-632F-4ADD-A1DF-0DC6E0124F26}.SingleImage|x86.Build.0 = SingleImage
		{18D5E909-3C12-4AEC-B048-1CA62086A4A0}.CD_ROM|Any CPU.ActiveCfg = CD_ROM
		{18D5E909-3C12-4AEC-B048-1CA62086A4A0}.CD_ROM|Any CPU.Build.0 = CD_ROM
		{18D5E909-3C12-4AEC-B048-1CA62086A4A0}.CD_ROM|x86.ActiveCfg = CD_ROM
		{18D5E909-3C12-4AEC-B048-1CA62086A4A0}.CD_ROM|x86.Build.0 = CD_ROM
		{18D5E909-3C12-4AEC-B048-1CA62086A4A0}.Debug|Any CPU.ActiveCfg = DVD-5
		{18D5E909-3C12-4AEC-B048-1CA62086A4A0}.Debug|Any CPU.Build.0 = DVD-5
		{18D5E909-3C12-4AEC-B048-1CA62086A4A0}.Debug|x86.ActiveCfg = DVD-5
		{18D5E909-3C12-4AEC-B048-1CA62086A4A0}.Debug|x86.Build.0 = DVD-5
		{18D5E909-3C12-4AEC-B048-1CA62086A4A0}.DVD-5|Any CPU.ActiveCfg = DVD-5
		{18D5E909-3C12-4AEC-B048-1CA62086A4A0}.DVD-5|Any CPU.Build.0 = DVD-5
		{18D5E909-3C12-4AEC-B048-1CA62086A4A0}.DVD-5|x86.ActiveCfg = DVD-5
		{18D5E909-3C12-4AEC-B048-1CA62086A4A0}.DVD-5|x86.Build.0 = DVD-5
		{18D5E909-3C12-4AEC-B048-1CA62086A4A0}.Release|Any CPU.ActiveCfg = SingleImage
		{18D5E909-3C12-4AEC-B048-1CA62086A4A0}.Release|Any CPU.Build.0 = SingleImage
		{18D5E909-3C12-4AEC-B048-1CA62086A4A0}.Release|x86.ActiveCfg = SingleImage
		{18D5E909-3C12-4AEC-B048-1CA62086A4A0}.Release|x86.Build.0 = SingleImage
		{18D5E909-3C12-4AEC-B048-1CA62086A4A0}.SingleImage|Any CPU.ActiveCfg = SingleImage
		{18D5E909-3C12-4AEC-B048-1CA62086A4A0}.SingleImage|Any CPU.Build.0 = SingleImage
		{18D5E909-3C12-4AEC-B048-1CA62086A4A0}.SingleImage|x86.ActiveCfg = SingleImage
		{18D5E909-3C12-4AEC-B048-1CA62086A4A0}.SingleImage|x86.Build.0 = SingleImage
	EndGlobalSection
	GlobalSection(SolutionProperties) = preSolution
		HideSolutionNode = FALSE
	EndGlobalSection
EndGlobal
